
Microsoft Visual Studio Solution File, Format Version 12.00
# Visual Studio Version 17
VisualStudioVersion = 17.6.33723.286
MinimumVisualStudioVersion = 10.0.40219.1
Project("{FAE04EC0-301F-11D3-BF4B-00C04F79EFBC}") = "SqlServerToSqlServer", "SqlServerToSqlServer\SqlServerToSqlServer.csproj", "{9E9C50A7-BEA7-4BCC-97DB-BEC71B062E2A}"
EndProject
Global
	GlobalSection(SolutionConfigurationPlatforms) = preSolution
		Debug|Any CPU = Debug|Any CPU
		Release|Any CPU = Release|Any CPU
	EndGlobalSection
	GlobalSection(ProjectConfigurationPlatforms) = postSolution
		{9E9C50A7-BEA7-4BCC-97DB-BEC71B062E2A}.Debug|Any CPU.ActiveCfg = Debug|Any CPU
		{9E9C50A7-BEA7-4BCC-97DB-BEC71B062E2A}.Debug|Any CPU.Build.0 = Debug|Any CPU
		{9E9C50A7-BEA7-4BCC-97DB-BEC71B062E2A}.Release|Any CPU.ActiveCfg = Release|Any CPU
		{9E9C50A7-BEA7-4BCC-97DB-BEC71B062E2A}.Release|Any CPU.Build.0 = Release|Any CPU
	EndGlobalSection
	GlobalSection(SolutionProperties) = preSolution
		HideSolutionNode = FALSE
	EndGlobalSection
	GlobalSection(ExtensibilityGlobals) = postSolution
		SolutionGuid = {5A881C11-55C2-4C8C-8184-5857BA370304}
	EndGlobalSection
EndGlobal
